
Microsoft Visual Studio Solution File, Format Version 12.00
Project("{FAE04EC0-301F-11D3-BF4B-00C04F79EFBC}") = "FA-backend", "FA-backend\FA-backend.csproj", "{01C28960-A149-4CE2-A051-D4E2926D4326}"
EndProject
Project("{FAE04EC0-301F-11D3-BF4B-00C04F79EFBC}") = "Hajekad.FA_backend.ApplicationLayer", "Hajekad.FA_backend.ApplicationLayer\Hajekad.FA_backend.ApplicationLayer.csproj", "{60DB17D3-B7F2-4BAC-88A1-AA6B332A1E02}"
EndProject
Global
	GlobalSection(SolutionConfigurationPlatforms) = preSolution
		Debug|Any CPU = Debug|Any CPU
		Release|Any CPU = Release|Any CPU
	EndGlobalSection
	GlobalSection(ProjectConfigurationPlatforms) = postSolution
		{01C28960-A149-4CE2-A051-D4E2926D4326}.Debug|Any CPU.ActiveCfg = Debug|Any CPU
		{01C28960-A149-4CE2-A051-D4E2926D4326}.Debug|Any CPU.Build.0 = Debug|Any CPU
		{01C28960-A149-4CE2-A051-D4E2926D4326}.Release|Any CPU.ActiveCfg = Release|Any CPU
		{01C28960-A149-4CE2-A051-D4E2926D4326}.Release|Any CPU.Build.0 = Release|Any CPU
		{60DB17D3-B7F2-4BAC-88A1-AA6B332A1E02}.Debug|Any CPU.ActiveCfg = Debug|Any CPU
		{60DB17D3-B7F2-4BAC-88A1-AA6B332A1E02}.Debug|Any CPU.Build.0 = Debug|Any CPU
		{60DB17D3-B7F2-4BAC-88A1-AA6B332A1E02}.Release|Any CPU.ActiveCfg = Release|Any CPU
		{60DB17D3-B7F2-4BAC-88A1-AA6B332A1E02}.Release|Any CPU.Build.0 = Release|Any CPU
	EndGlobalSection
EndGlobal
