
Microsoft Visual Studio Solution File, Format Version 12.00
Project("{FAE04EC0-301F-11D3-BF4B-00C04F79EFBC}") = "FitnessApp.Api", "FitnessApp.Api\FitnessApp.Api.csproj", "{D07FBE76-514B-4E4B-9708-8BDC41E46B9A}"
EndProject
Project("{FAE04EC0-301F-11D3-BF4B-00C04F79EFBC}") = "FitnessApp.ApplicationLayer", "FitnessApp.ApplicationLayer\FitnessApp.ApplicationLayer.csproj", "{35CE92A6-F44E-4761-A29A-5B12B9BE030E}"
EndProject
Project("{FAE04EC0-301F-11D3-BF4B-00C04F79EFBC}") = "FitnessApp.DomainLayer", "FitnessApp.DomainLayer\FitnessApp.DomainLayer.csproj", "{F1E0321D-637F-41D4-870F-5E17EACCCA10}"
EndProject
Project("{FAE04EC0-301F-11D3-BF4B-00C04F79EFBC}") = "FitnessApp.InfrastructureLayer", "FitnessApp.InfrastructureLayer\FitnessApp.InfrastructureLayer.csproj", "{F61C2130-123D-47E3-BC6E-81664DB1A1C3}"
EndProject
Project("{FAE04EC0-301F-11D3-BF4B-00C04F79EFBC}") = "FitnessApp.InterfaceLayer", "FitnessApp.InterfaceLayer\FitnessApp.InterfaceLayer.csproj", "{3E15BF74-86FE-42FA-9C00-23FE1106EF9E}"
EndProject
Global
	GlobalSection(SolutionConfigurationPlatforms) = preSolution
		Debug|Any CPU = Debug|Any CPU
		Release|Any CPU = Release|Any CPU
	EndGlobalSection
	GlobalSection(ProjectConfigurationPlatforms) = postSolution
		{D07FBE76-514B-4E4B-9708-8BDC41E46B9A}.Debug|Any CPU.ActiveCfg = Debug|Any CPU
		{D07FBE76-514B-4E4B-9708-8BDC41E46B9A}.Debug|Any CPU.Build.0 = Debug|Any CPU
		{D07FBE76-514B-4E4B-9708-8BDC41E46B9A}.Release|Any CPU.ActiveCfg = Release|Any CPU
		{D07FBE76-514B-4E4B-9708-8BDC41E46B9A}.Release|Any CPU.Build.0 = Release|Any CPU
		{35CE92A6-F44E-4761-A29A-5B12B9BE030E}.Debug|Any CPU.ActiveCfg = Debug|Any CPU
		{35CE92A6-F44E-4761-A29A-5B12B9BE030E}.Debug|Any CPU.Build.0 = Debug|Any CPU
		{35CE92A6-F44E-4761-A29A-5B12B9BE030E}.Release|Any CPU.ActiveCfg = Release|Any CPU
		{35CE92A6-F44E-4761-A29A-5B12B9BE030E}.Release|Any CPU.Build.0 = Release|Any CPU
		{F1E0321D-637F-41D4-870F-5E17EACCCA10}.Debug|Any CPU.ActiveCfg = Debug|Any CPU
		{F1E0321D-637F-41D4-870F-5E17EACCCA10}.Debug|Any CPU.Build.0 = Debug|Any CPU
		{F1E0321D-637F-41D4-870F-5E17EACCCA10}.Release|Any CPU.ActiveCfg = Release|Any CPU
		{F1E0321D-637F-41D4-870F-5E17EACCCA10}.Release|Any CPU.Build.0 = Release|Any CPU
		{F61C2130-123D-47E3-BC6E-81664DB1A1C3}.Debug|Any CPU.ActiveCfg = Debug|Any CPU
		{F61C2130-123D-47E3-BC6E-81664DB1A1C3}.Debug|Any CPU.Build.0 = Debug|Any CPU
		{F61C2130-123D-47E3-BC6E-81664DB1A1C3}.Release|Any CPU.ActiveCfg = Release|Any CPU
		{F61C2130-123D-47E3-BC6E-81664DB1A1C3}.Release|Any CPU.Build.0 = Release|Any CPU
		{3E15BF74-86FE-42FA-9C00-23FE1106EF9E}.Debug|Any CPU.ActiveCfg = Debug|Any CPU
		{3E15BF74-86FE-42FA-9C00-23FE1106EF9E}.Debug|Any CPU.Build.0 = Debug|Any CPU
		{3E15BF74-86FE-42FA-9C00-23FE1106EF9E}.Release|Any CPU.ActiveCfg = Release|Any CPU
		{3E15BF74-86FE-42FA-9C00-23FE1106EF9E}.Release|Any CPU.Build.0 = Release|Any CPU
	EndGlobalSection
EndGlobal
