
Microsoft Visual Studio Solution File, Format Version 12.00
Project("{FAE04EC0-301F-11D3-BF4B-00C04F79EFBC}") = "HotelRest", "HotelRest\HotelRest.csproj", "{C3F2F3D6-25AD-432E-A76D-ECB20BACD872}"
EndProject
Global
	GlobalSection(SolutionConfigurationPlatforms) = preSolution
		Debug|Any CPU = Debug|Any CPU
		Release|Any CPU = Release|Any CPU
	EndGlobalSection
	GlobalSection(ProjectConfigurationPlatforms) = postSolution
		{C3F2F3D6-25AD-432E-A76D-ECB20BACD872}.Debug|Any CPU.ActiveCfg = Debug|Any CPU
		{C3F2F3D6-25AD-432E-A76D-ECB20BACD872}.Debug|Any CPU.Build.0 = Debug|Any CPU
		{C3F2F3D6-25AD-432E-A76D-ECB20BACD872}.Release|Any CPU.ActiveCfg = Release|Any CPU
		{C3F2F3D6-25AD-432E-A76D-ECB20BACD872}.Release|Any CPU.Build.0 = Release|Any CPU
	EndGlobalSection
EndGlobal
